
Microsoft Visual Studio Solution File, Format Version 12.00
Project("{FAE04EC0-301F-11D3-BF4B-00C04F79EFBC}") = "Cache.Domain", "Cache.Domain\Cache.Domain.csproj", "{325F08C7-0B68-4E66-875D-272F2519EC22}"
EndProject
Project("{FAE04EC0-301F-11D3-BF4B-00C04F79EFBC}") = "UnitTests", "UnitTests\UnitTests.csproj", "{D1FB2611-F3D1-4287-8C86-5CEBFA62ECCC}"
EndProject
Project("{FAE04EC0-301F-11D3-BF4B-00C04F79EFBC}") = "Cache.Server", "Cache.Server\Cache.Server.csproj", "{FCBC1948-497F-4EFE-82FF-1F0B860F0C81}"
EndProject
Project("{FAE04EC0-301F-11D3-BF4B-00C04F79EFBC}") = "ClientApp", "ClientApp\ClientApp.csproj", "{6A6924EE-6FB6-4C28-A87B-A9776BFE3FFA}"
EndProject
Global
	GlobalSection(SolutionConfigurationPlatforms) = preSolution
		Debug|Any CPU = Debug|Any CPU
		Release|Any CPU = Release|Any CPU
	EndGlobalSection
	GlobalSection(ProjectConfigurationPlatforms) = postSolution
		{325F08C7-0B68-4E66-875D-272F2519EC22}.Debug|Any CPU.ActiveCfg = Debug|Any CPU
		{325F08C7-0B68-4E66-875D-272F2519EC22}.Debug|Any CPU.Build.0 = Debug|Any CPU
		{325F08C7-0B68-4E66-875D-272F2519EC22}.Release|Any CPU.ActiveCfg = Release|Any CPU
		{325F08C7-0B68-4E66-875D-272F2519EC22}.Release|Any CPU.Build.0 = Release|Any CPU
		{D1FB2611-F3D1-4287-8C86-5CEBFA62ECCC}.Debug|Any CPU.ActiveCfg = Debug|Any CPU
		{D1FB2611-F3D1-4287-8C86-5CEBFA62ECCC}.Debug|Any CPU.Build.0 = Debug|Any CPU
		{D1FB2611-F3D1-4287-8C86-5CEBFA62ECCC}.Release|Any CPU.ActiveCfg = Release|Any CPU
		{D1FB2611-F3D1-4287-8C86-5CEBFA62ECCC}.Release|Any CPU.Build.0 = Release|Any CPU
		{FCBC1948-497F-4EFE-82FF-1F0B860F0C81}.Debug|Any CPU.ActiveCfg = Debug|Any CPU
		{FCBC1948-497F-4EFE-82FF-1F0B860F0C81}.Debug|Any CPU.Build.0 = Debug|Any CPU
		{FCBC1948-497F-4EFE-82FF-1F0B860F0C81}.Release|Any CPU.ActiveCfg = Release|Any CPU
		{FCBC1948-497F-4EFE-82FF-1F0B860F0C81}.Release|Any CPU.Build.0 = Release|Any CPU
		{6A6924EE-6FB6-4C28-A87B-A9776BFE3FFA}.Debug|Any CPU.ActiveCfg = Debug|Any CPU
		{6A6924EE-6FB6-4C28-A87B-A9776BFE3FFA}.Debug|Any CPU.Build.0 = Debug|Any CPU
		{6A6924EE-6FB6-4C28-A87B-A9776BFE3FFA}.Release|Any CPU.ActiveCfg = Release|Any CPU
		{6A6924EE-6FB6-4C28-A87B-A9776BFE3FFA}.Release|Any CPU.Build.0 = Release|Any CPU
	EndGlobalSection
EndGlobal
